
Microsoft Visual Studio Solution File, Format Version 12.00
# Visual Studio 2013
VisualStudioVersion = 12.0.30110.0
MinimumVisualStudioVersion = 10.0.40219.1
Project("{FAE04EC0-301F-11D3-BF4B-00C04F79EFBC}") = "Ominify.Core", "Ominify\Ominify.Core.csproj", "{0EFCC4F3-A7E7-49A2-B05F-3CDA8132EA2A}"
EndProject
Project("{FAE04EC0-301F-11D3-BF4B-00C04F79EFBC}") = "Ominify.Yui", "Ominify.Yui\Ominify.Yui.csproj", "{BE76237B-AB05-472E-B727-E927CD31BE2D}"
EndProject
Project("{FAE04EC0-301F-11D3-BF4B-00C04F79EFBC}") = "Ominify.Tests", "Ominify.Tests\Ominify.Tests.csproj", "{82332EF0-EF8B-47DD-8785-A998763A92AC}"
EndProject
Project("{2150E333-8FDC-42A3-9474-1A3956D46DE8}") = "Implementation", "Implementation", "{D14121AC-CC60-45EE-9639-13E984255582}"
EndProject
Project("{2150E333-8FDC-42A3-9474-1A3956D46DE8}") = "Specification", "Specification", "{335B864E-9E74-4A29-9677-4308CC4A5668}"
EndProject
Global
	GlobalSection(SolutionConfigurationPlatforms) = preSolution
		Debug|Any CPU = Debug|Any CPU
		Release|Any CPU = Release|Any CPU
	EndGlobalSection
	GlobalSection(ProjectConfigurationPlatforms) = postSolution
		{0EFCC4F3-A7E7-49A2-B05F-3CDA8132EA2A}.Debug|Any CPU.ActiveCfg = Debug|Any CPU
		{0EFCC4F3-A7E7-49A2-B05F-3CDA8132EA2A}.Debug|Any CPU.Build.0 = Debug|Any CPU
		{0EFCC4F3-A7E7-49A2-B05F-3CDA8132EA2A}.Release|Any CPU.ActiveCfg = Release|Any CPU
		{0EFCC4F3-A7E7-49A2-B05F-3CDA8132EA2A}.Release|Any CPU.Build.0 = Release|Any CPU
		{BE76237B-AB05-472E-B727-E927CD31BE2D}.Debug|Any CPU.ActiveCfg = Debug|Any CPU
		{BE76237B-AB05-472E-B727-E927CD31BE2D}.Debug|Any CPU.Build.0 = Debug|Any CPU
		{BE76237B-AB05-472E-B727-E927CD31BE2D}.Release|Any CPU.ActiveCfg = Release|Any CPU
		{BE76237B-AB05-472E-B727-E927CD31BE2D}.Release|Any CPU.Build.0 = Release|Any CPU
		{82332EF0-EF8B-47DD-8785-A998763A92AC}.Debug|Any CPU.ActiveCfg = Debug|Any CPU
		{82332EF0-EF8B-47DD-8785-A998763A92AC}.Debug|Any CPU.Build.0 = Debug|Any CPU
		{82332EF0-EF8B-47DD-8785-A998763A92AC}.Release|Any CPU.ActiveCfg = Release|Any CPU
		{82332EF0-EF8B-47DD-8785-A998763A92AC}.Release|Any CPU.Build.0 = Release|Any CPU
	EndGlobalSection
	GlobalSection(SolutionProperties) = preSolution
		HideSolutionNode = FALSE
	EndGlobalSection
	GlobalSection(NestedProjects) = preSolution
		{0EFCC4F3-A7E7-49A2-B05F-3CDA8132EA2A} = {D14121AC-CC60-45EE-9639-13E984255582}
		{BE76237B-AB05-472E-B727-E927CD31BE2D} = {D14121AC-CC60-45EE-9639-13E984255582}
		{82332EF0-EF8B-47DD-8785-A998763A92AC} = {335B864E-9E74-4A29-9677-4308CC4A5668}
	EndGlobalSection
EndGlobal
